PODS:
  - CocoaLumberjack (3.2.0):
    - CocoaLumberjack/Default (= 3.2.0)
    - CocoaLumberjack/Extensions (= 3.2.0)
  - CocoaLumberjack/Default (3.2.0)
  - CocoaLumberjack/Extensions (3.2.0):
    - CocoaLumberjack/Default
  - SunbeamBLECentralService (0.2.3):
    - SunbeamLogService
  - SunbeamLogService (0.1.12):
    - CocoaLumberjack

DEPENDENCIES:
  - SunbeamBLECentralService (from `../`)

EXTERNAL SOURCES:
  SunbeamBLECentralService:
    :path: ../

SPEC CHECKSUMS:
  CocoaLumberjack: 9b4aed7073d242f29cc2f62068d995faf67f703a
  SunbeamBLECentralService: 742209c808c463467cfa603c16605502de45b090
  SunbeamLogService: 3f50edcf8f1e6789adf516fe7bdd6f14c6afdc91

PODFILE CHECKSUM: f37e85d90ca60be4f8aae4fad6121776822a6ace

COCOAPODS: 1.0.1
