PODS:
  - CocoaLumberjack (3.2.0):
    - CocoaLumberjack/Default (= 3.2.0)
    - CocoaLumberjack/Extensions (= 3.2.0)
  - CocoaLumberjack/Default (3.2.0)
  - CocoaLumberjack/Extensions (3.2.0):
    - CocoaLumberjack/Default
  - SunbeamBLECentralService (0.2.0):
    - SunbeamLogService
  - SunbeamLogService (0.1.11):
    - CocoaLumberjack

DEPENDENCIES:
  - SunbeamBLECentralService (from `../`)

EXTERNAL SOURCES:
  SunbeamBLECentralService:
    :path: ../

SPEC CHECKSUMS:
  CocoaLumberjack: 9b4aed7073d242f29cc2f62068d995faf67f703a
  SunbeamBLECentralService: d51401e6d5a3d69ce1c9252789f5f9686c4131d8
  SunbeamLogService: c069bbea8d15418486316a9a70ee2645c114def6

PODFILE CHECKSUM: f37e85d90ca60be4f8aae4fad6121776822a6ace

COCOAPODS: 1.0.1
