PODS:
  - SunbeamBLECentralService (0.1.15)

DEPENDENCIES:
  - SunbeamBLECentralService (from `../`)

EXTERNAL SOURCES:
  SunbeamBLECentralService:
    :path: ../

SPEC CHECKSUMS:
  SunbeamBLECentralService: 9b8bf6c76bedaeec3cf869f3127ec9da904a4d42

PODFILE CHECKSUM: f37e85d90ca60be4f8aae4fad6121776822a6ace

COCOAPODS: 1.0.1
